
Microsoft Visual Studio Solution File, Format Version 12.00
# Visual Studio Version 16
VisualStudioVersion = 16.0.30711.63
MinimumVisualStudioVersion = 10.0.40219.1
Project("{8BC9CEB8-8B4A-11D0-8D11-00A0C91BC942}") = "GDI-2013", "GDI-2013\GDI-2013.vcxproj", "{1C1B69E3-1EDC-4462-A5BF-0DD68788C9A0}"
EndProject
Global
	GlobalSection(SolutionConfigurationPlatforms) = preSolution
		Debug|x64 = Debug|x64
		Debug|x86 = Debug|x86
		Release|x64 = Release|x64
		Release|x86 = Release|x86
	EndGlobalSection
	GlobalSection(ProjectConfigurationPlatforms) = postSolution
		{1C1B69E3-1EDC-4462-A5BF-0DD68788C9A0}.Debug|x64.ActiveCfg = Debug|x64
		{1C1B69E3-1EDC-4462-A5BF-0DD68788C9A0}.Debug|x64.Build.0 = Debug|x64
		{1C1B69E3-1EDC-4462-A5BF-0DD68788C9A0}.Debug|x86.ActiveCfg = Debug|Win32
		{1C1B69E3-1EDC-4462-A5BF-0DD68788C9A0}.Debug|x86.Build.0 = Debug|Win32
		{1C1B69E3-1EDC-4462-A5BF-0DD68788C9A0}.Release|x64.ActiveCfg = Release|x64
		{1C1B69E3-1EDC-4462-A5BF-0DD68788C9A0}.Release|x64.Build.0 = Release|x64
		{1C1B69E3-1EDC-4462-A5BF-0DD68788C9A0}.Release|x86.ActiveCfg = Release|Win32
		{1C1B69E3-1EDC-4462-A5BF-0DD68788C9A0}.Release|x86.Build.0 = Release|Win32
	EndGlobalSection
	GlobalSection(SolutionProperties) = preSolution
		HideSolutionNode = FALSE
	EndGlobalSection
	GlobalSection(ExtensibilityGlobals) = postSolution
		SolutionGuid = {07FF2A68-CC0C-48E2-ACDA-BBDEB5AE8E13}
	EndGlobalSection
EndGlobal
